
Microsoft Visual Studio Solution File, Format Version 12.00
# Visual Studio Version 16
VisualStudioVersion = 16.0.28922.388
MinimumVisualStudioVersion = 10.0.40219.1
Project("{FAE04EC0-301F-11D3-BF4B-00C04F79EFBC}") = "AutoCompleteAspNetMVC", "AutoCompleteAspNetMVC\AutoCompleteAspNetMVC.csproj", "{E0763C55-18FF-41C2-B687-9703FC27FBB3}"
EndProject
Global
	GlobalSection(SolutionConfigurationPlatforms) = preSolution
		Debug|Any CPU = Debug|Any CPU
		Release|Any CPU = Release|Any CPU
	EndGlobalSection
	GlobalSection(ProjectConfigurationPlatforms) = postSolution
		{E0763C55-18FF-41C2-B687-9703FC27FBB3}.Debug|Any CPU.ActiveCfg = Debug|Any CPU
		{E0763C55-18FF-41C2-B687-9703FC27FBB3}.Debug|Any CPU.Build.0 = Debug|Any CPU
		{E0763C55-18FF-41C2-B687-9703FC27FBB3}.Release|Any CPU.ActiveCfg = Release|Any CPU
		{E0763C55-18FF-41C2-B687-9703FC27FBB3}.Release|Any CPU.Build.0 = Release|Any CPU
	EndGlobalSection
	GlobalSection(SolutionProperties) = preSolution
		HideSolutionNode = FALSE
	EndGlobalSection
	GlobalSection(ExtensibilityGlobals) = postSolution
		SolutionGuid = {AA2F412C-CF3E-44A4-A11A-54353095E273}
	EndGlobalSection
EndGlobal
